
Microsoft Visual Studio Solution File, Format Version 12.00
# Visual Studio 15
VisualStudioVersion = 15.0.27703.2042
MinimumVisualStudioVersion = 10.0.40219.1
Project("{FAE04EC0-301F-11D3-BF4B-00C04F79EFBC}") = "EmployeeManagement", "EmployeeManagement\EmployeeManagement.csproj", "{095367B6-11B7-4D22-92EC-F23D33FB07CC}"
EndProject
Global
	GlobalSection(SolutionConfigurationPlatforms) = preSolution
		Debug|Any CPU = Debug|Any CPU
		Release|Any CPU = Release|Any CPU
	EndGlobalSection
	GlobalSection(ProjectConfigurationPlatforms) = postSolution
		{095367B6-11B7-4D22-92EC-F23D33FB07CC}.Debug|Any CPU.ActiveCfg = Debug|Any CPU
		{095367B6-11B7-4D22-92EC-F23D33FB07CC}.Debug|Any CPU.Build.0 = Debug|Any CPU
		{095367B6-11B7-4D22-92EC-F23D33FB07CC}.Release|Any CPU.ActiveCfg = Release|Any CPU
		{095367B6-11B7-4D22-92EC-F23D33FB07CC}.Release|Any CPU.Build.0 = Release|Any CPU
	EndGlobalSection
	GlobalSection(SolutionProperties) = preSolution
		HideSolutionNode = FALSE
	EndGlobalSection
	GlobalSection(ExtensibilityGlobals) = postSolution
		SolutionGuid = {632777DD-2F35-495A-82BE-5831D5C297B6}
	EndGlobalSection
EndGlobal
